<?xml version="1.0" encoding="utf-8"?>
<Project ToolsVersion="4.0" xmlns="http://schemas.microsoft.com/developer/msbuild/2003">
  <ItemGroup>
    <Filter Include="Headers">
      <UniqueIdentifier>{C196CD9C-2D76-4C38-368E-D70EA2ECB299}</UniqueIdentifier>
    </Filter>
    <Filter Include="Tests">
      <UniqueIdentifier>{5865280E-C479-50BF-8DFB-F31EF9CE4CF0}</UniqueIdentifier>
    </Filter>
    <Filter Include="Vendor">
      <UniqueIdentifier>{935FDCD7-7F01-07AE-68BC-1A0254FD8DFE}</UniqueIdentifier>
    </Filter>
    <Filter Include="Vendor\STB">
      <UniqueIdentifier>{0B237327-F7DA-B474-60E2-8DD04CB94F65}</UniqueIdentifier>
    </Filter>
    <Filter Include="Vendor\glm">
      <UniqueIdentifier>{627B7327-4E33-B574-B73A-8ED0A3115065}</UniqueIdentifier>
    </Filter>
    <Filter Include="Vendor\glm\detail">
      <UniqueIdentifier>{E490280D-50A7-26A3-991E-B2C40574F72A}</UniqueIdentifier>
    </Filter>
    <Filter Include="imgui">
      <UniqueIdentifier>{0098A80F-6CAC-D0C0-352E-7420A101CDF1}</UniqueIdentifier>
    </Filter>
  </ItemGroup>
  <ItemGroup>
    <ClInclude Include="Scripts\Headers\action.h">
      <Filter>Headers</Filter>
    </ClInclude>
    <ClInclude Include="Scripts\Headers\application.h">
      <Filter>Headers</Filter>
    </ClInclude>
    <ClInclude Include="Scripts\Headers\indexbuffer.h">
      <Filter>Headers</Filter>
    </ClInclude>
    <ClInclude Include="Scripts\Headers\input.h">
      <Filter>Headers</Filter>
    </ClInclude>
    <ClInclude Include="Scripts\Headers\renderer.h">
      <Filter>Headers</Filter>
    </ClInclude>
    <ClInclude Include="Scripts\Headers\shader.h">
      <Filter>Headers</Filter>
    </ClInclude>
    <ClInclude Include="Scripts\Headers\texture.h">
      <Filter>Headers</Filter>
    </ClInclude>
    <ClInclude Include="Scripts\Headers\vector2.h">
      <Filter>Headers</Filter>
    </ClInclude>
    <ClInclude Include="Scripts\Headers\vertexarray.h">
      <Filter>Headers</Filter>
    </ClInclude>
    <ClInclude Include="Scripts\Headers\vertexbuffer.h">
      <Filter>Headers</Filter>
    </ClInclude>
    <ClInclude Include="Scripts\Headers\vertexbufferlayout.h">
      <Filter>Headers</Filter>
    </ClInclude>
  </ItemGroup>
  <ItemGroup>
    <ClCompile Include="Scripts\Action.cpp" />
    <ClCompile Include="Scripts\Application.cpp" />
    <ClCompile Include="Scripts\IndexBuffer.cpp" />
    <ClCompile Include="Scripts\Input.cpp" />
    <ClCompile Include="Scripts\Renderer.cpp" />
    <ClCompile Include="Scripts\Shader.cpp" />
    <ClCompile Include="Scripts\Source.cpp" />
    <ClCompile Include="Scripts\Tests\Test.cpp">
      <Filter>Tests</Filter>
    </ClCompile>
    <ClCompile Include="Scripts\Tests\TestClearColour.cpp">
      <Filter>Tests</Filter>
    </ClCompile>
    <ClCompile Include="Scripts\Tests\TestTexture2D.cpp">
      <Filter>Tests</Filter>
    </ClCompile>
    <ClCompile Include="Scripts\Texture.cpp" />
    <ClCompile Include="Scripts\Vendor\STB\STB_Image.cpp">
      <Filter>Vendor\STB</Filter>
    </ClCompile>
    <ClCompile Include="Scripts\Vendor\glm\detail\glm.cpp">
      <Filter>Vendor\glm\detail</Filter>
    </ClCompile>
    <ClCompile Include="Scripts\VertexArray.cpp" />
    <ClCompile Include="Scripts\VertexBuffer.cpp" />
    <ClCompile Include="Scripts\imgui\imgui.cpp">
      <Filter>imgui</Filter>
    </ClCompile>
    <ClCompile Include="Scripts\imgui\imgui_demo.cpp">
      <Filter>imgui</Filter>
    </ClCompile>
    <ClCompile Include="Scripts\imgui\imgui_draw.cpp">
      <Filter>imgui</Filter>
    </ClCompile>
    <ClCompile Include="Scripts\imgui\imgui_impl_glfw.cpp">
      <Filter>imgui</Filter>
    </ClCompile>
    <ClCompile Include="Scripts\imgui\imgui_impl_opengl3.cpp">
      <Filter>imgui</Filter>
    </ClCompile>
    <ClCompile Include="Scripts\imgui\imgui_tables.cpp">
      <Filter>imgui</Filter>
    </ClCompile>
    <ClCompile Include="Scripts\imgui\imgui_widgets.cpp">
      <Filter>imgui</Filter>
    </ClCompile>
  </ItemGroup>
</Project>