<?xml version="1.0" encoding="utf-8"?>
<Project ToolsVersion="4.0" xmlns="http://schemas.microsoft.com/developer/msbuild/2003">
  <ItemGroup>
    <Filter Include="Audio">
      <UniqueIdentifier>{9718D90C-032D-01BE-CCAE-A41D3882FDEE}</UniqueIdentifier>
    </Filter>
    <Filter Include="Core">
      <UniqueIdentifier>{2EB4837C-1AEB-840D-C3D7-6A10AFED000F}</UniqueIdentifier>
    </Filter>
    <Filter Include="Headers">
      <UniqueIdentifier>{C196CD9C-2D76-4C38-368E-D70EA2ECB299}</UniqueIdentifier>
    </Filter>
    <Filter Include="Headers\Audio">
      <UniqueIdentifier>{82714A5D-EE31-C693-B76C-0F1123EC0A70}</UniqueIdentifier>
    </Filter>
    <Filter Include="Headers\Core">
      <UniqueIdentifier>{B91B6850-A57E-F7F4-4E04-30AB3A46C377}</UniqueIdentifier>
    </Filter>
    <Filter Include="Headers\Math">
      <UniqueIdentifier>{3A5C6D50-26BF-FCF4-CF44-35ABBB86C877}</UniqueIdentifier>
    </Filter>
    <Filter Include="Headers\Rendering">
      <UniqueIdentifier>{4E8519E6-BA9B-177C-0313-A39D6F68E803}</UniqueIdentifier>
    </Filter>
    <Filter Include="Rendering">
      <UniqueIdentifier>{E3AE1F7C-4F19-D4F2-9857-85980401B247}</UniqueIdentifier>
    </Filter>
    <Filter Include="Tests">
      <UniqueIdentifier>{5865280E-C479-50BF-8DFB-F31EF9CE4CF0}</UniqueIdentifier>
    </Filter>
    <Filter Include="Vendor">
      <UniqueIdentifier>{935FDCD7-7F01-07AE-68BC-1A0254FD8DFE}</UniqueIdentifier>
    </Filter>
    <Filter Include="Vendor\glfw-master-cherno">
      <UniqueIdentifier>{D764AD31-4327-E1BB-8CD7-6F48F8D8B999}</UniqueIdentifier>
    </Filter>
    <Filter Include="Vendor\glfw-master-cherno\deps">
      <UniqueIdentifier>{5215BC82-3E3B-86E9-2781-0BB51346ABB5}</UniqueIdentifier>
    </Filter>
    <Filter Include="Vendor\glfw-master-cherno\deps\glad">
      <UniqueIdentifier>{990B6557-05C5-CF01-8E24-EADBFADC8571}</UniqueIdentifier>
    </Filter>
    <Filter Include="Vendor\glfw-master-cherno\deps\mingw">
      <UniqueIdentifier>{C3A47144-AF8B-333C-58DC-995944A2ACA2}</UniqueIdentifier>
    </Filter>
    <Filter Include="Vendor\glfw-master-cherno\deps\vs2008">
      <UniqueIdentifier>{34C637E8-A08A-36D8-69F0-66A2D573D20D}</UniqueIdentifier>
    </Filter>
    <Filter Include="Vendor\glfw-master-cherno\include">
      <UniqueIdentifier>{4A73E1F9-B6E1-3679-FFCA-F1786B782C15}</UniqueIdentifier>
    </Filter>
    <Filter Include="Vendor\glfw-master-cherno\include\GLFW">
      <UniqueIdentifier>{C9CCD93F-B51E-B12F-9E3D-EE3F8A2ECA18}</UniqueIdentifier>
    </Filter>
    <Filter Include="Vendor\glfw-master-cherno\src">
      <UniqueIdentifier>{6EB60D61-DACE-F48A-A37B-84240F538924}</UniqueIdentifier>
    </Filter>
    <Filter Include="Vendor\glm">
      <UniqueIdentifier>{627B7327-4E33-B574-B73A-8ED0A3115065}</UniqueIdentifier>
    </Filter>
    <Filter Include="Vendor\glm\detail">
      <UniqueIdentifier>{E490280D-50A7-26A3-991E-B2C40574F72A}</UniqueIdentifier>
    </Filter>
    <Filter Include="Vendor\glm\simd">
      <UniqueIdentifier>{FE44059A-6AD0-725E-73E1-F552DFEBCE5E}</UniqueIdentifier>
    </Filter>
    <Filter Include="Vendor\imgui">
      <UniqueIdentifier>{3D8F64D2-29F2-F376-D277-2C2DBEB9BFF9}</UniqueIdentifier>
    </Filter>
    <Filter Include="Vendor\openal-soft-master">
      <UniqueIdentifier>{4394F33B-AF56-27C6-F806-B652640800A4}</UniqueIdentifier>
    </Filter>
    <Filter Include="Vendor\openal-soft-master\include">
      <UniqueIdentifier>{B64E66E7-22BD-BB66-6BA6-7666D753B102}</UniqueIdentifier>
    </Filter>
    <Filter Include="Vendor\openal-soft-master\include\AL">
      <UniqueIdentifier>{922BD0A0-7E12-9298-2763-F8B513290BFF}</UniqueIdentifier>
    </Filter>
    <Filter Include="Vendor\openal-soft-master\src">
      <UniqueIdentifier>{DABB7578-46D4-5CA2-0F81-EC3B7B58F13B}</UniqueIdentifier>
    </Filter>
    <Filter Include="Vendor\openal-soft-master\src\al">
      <UniqueIdentifier>{763A5807-628B-4349-8BEF-310B779FD6B2}</UniqueIdentifier>
    </Filter>
    <Filter Include="Vendor\openal-soft-master\src\alc">
      <UniqueIdentifier>{99895FF2-05F8-B471-4EE1-6F71BA8EAA0D}</UniqueIdentifier>
    </Filter>
    <Filter Include="Vendor\openal-soft-master\src\alc\backends">
      <UniqueIdentifier>{E3DFCF0C-CF47-96DA-38B3-AAF0243AADC6}</UniqueIdentifier>
    </Filter>
    <Filter Include="Vendor\openal-soft-master\src\alc\effects">
      <UniqueIdentifier>{682A65CC-D444-C86D-1D67-D80189C0EF74}</UniqueIdentifier>
    </Filter>
    <Filter Include="Vendor\openal-soft-master\src\alc\filters">
      <UniqueIdentifier>{01B6D320-6DD0-36C2-B6F2-4656224C5EC9}</UniqueIdentifier>
    </Filter>
    <Filter Include="Vendor\openal-soft-master\src\alc\mixer">
      <UniqueIdentifier>{8D1C435F-F9AB-044A-02A8-E5616EB63F56}</UniqueIdentifier>
    </Filter>
    <Filter Include="Vendor\openal-soft-master\src\common">
      <UniqueIdentifier>{F2C35A1A-DEAA-1C12-87FB-822F73C19578}</UniqueIdentifier>
    </Filter>
    <Filter Include="Vendor\stb_image">
      <UniqueIdentifier>{EDE315D3-D9DC-3425-020F-1AAAEE661431}</UniqueIdentifier>
    </Filter>
  </ItemGroup>
  <ItemGroup>
    <ClInclude Include="Scripts\Headers\Audio\audiobuffer.h">
      <Filter>Headers\Audio</Filter>
    </ClInclude>
    <ClInclude Include="Scripts\Headers\Audio\audiolistener.h">
      <Filter>Headers\Audio</Filter>
    </ClInclude>
    <ClInclude Include="Scripts\Headers\Audio\audiosource.h">
      <Filter>Headers\Audio</Filter>
    </ClInclude>
    <ClInclude Include="Scripts\Headers\Core\action.h">
      <Filter>Headers\Core</Filter>
    </ClInclude>
    <ClInclude Include="Scripts\Headers\Core\animation.h">
      <Filter>Headers\Core</Filter>
    </ClInclude>
    <ClInclude Include="Scripts\Headers\Core\animationframe.h">
      <Filter>Headers\Core</Filter>
    </ClInclude>
    <ClInclude Include="Scripts\Headers\Core\animationplayer.h">
      <Filter>Headers\Core</Filter>
    </ClInclude>
    <ClInclude Include="Scripts\Headers\Core\application.h">
      <Filter>Headers\Core</Filter>
    </ClInclude>
    <ClInclude Include="Scripts\Headers\Core\character.h">
      <Filter>Headers\Core</Filter>
    </ClInclude>
    <ClInclude Include="Scripts\Headers\Core\editorui.h">
      <Filter>Headers\Core</Filter>
    </ClInclude>
    <ClInclude Include="Scripts\Headers\Core\filemanager.h">
      <Filter>Headers\Core</Filter>
    </ClInclude>
    <ClInclude Include="Scripts\Headers\Core\gameobject.h">
      <Filter>Headers\Core</Filter>
    </ClInclude>
    <ClInclude Include="Scripts\Headers\Core\input.h">
      <Filter>Headers\Core</Filter>
    </ClInclude>
    <ClInclude Include="Scripts\Headers\Core\renderer.h">
      <Filter>Headers\Core</Filter>
    </ClInclude>
    <ClInclude Include="Scripts\Headers\Math\transform.h">
      <Filter>Headers\Math</Filter>
    </ClInclude>
    <ClInclude Include="Scripts\Headers\Math\vector.h">
      <Filter>Headers\Math</Filter>
    </ClInclude>
    <ClInclude Include="Scripts\Headers\Math\vertex.h">
      <Filter>Headers\Math</Filter>
    </ClInclude>
    <ClInclude Include="Scripts\Headers\Rendering\framebuffer.h">
      <Filter>Headers\Rendering</Filter>
    </ClInclude>
    <ClInclude Include="Scripts\Headers\Rendering\indexbuffer.h">
      <Filter>Headers\Rendering</Filter>
    </ClInclude>
    <ClInclude Include="Scripts\Headers\Rendering\shader.h">
      <Filter>Headers\Rendering</Filter>
    </ClInclude>
    <ClInclude Include="Scripts\Headers\Rendering\texture.h">
      <Filter>Headers\Rendering</Filter>
    </ClInclude>
    <ClInclude Include="Scripts\Headers\Rendering\vertexarray.h">
      <Filter>Headers\Rendering</Filter>
    </ClInclude>
    <ClInclude Include="Scripts\Headers\Rendering\vertexbuffer.h">
      <Filter>Headers\Rendering</Filter>
    </ClInclude>
    <ClInclude Include="Scripts\Headers\Rendering\vertexbufferlayout.h">
      <Filter>Headers\Rendering</Filter>
    </ClInclude>
    <ClInclude Include="Scripts\Tests\test.h">
      <Filter>Tests</Filter>
    </ClInclude>
    <ClInclude Include="Scripts\Tests\testclearcolour.h">
      <Filter>Tests</Filter>
    </ClInclude>
    <ClInclude Include="Scripts\Tests\testtexture2d.h">
      <Filter>Tests</Filter>
    </ClInclude>
    <ClInclude Include="Scripts\Vendor\glfw-master-cherno\deps\getopt.h">
      <Filter>Vendor\glfw-master-cherno\deps</Filter>
    </ClInclude>
    <ClInclude Include="Scripts\Vendor\glfw-master-cherno\deps\glad\gl.h">
      <Filter>Vendor\glfw-master-cherno\deps\glad</Filter>
    </ClInclude>
    <ClInclude Include="Scripts\Vendor\glfw-master-cherno\deps\glad\gles2.h">
      <Filter>Vendor\glfw-master-cherno\deps\glad</Filter>
    </ClInclude>
    <ClInclude Include="Scripts\Vendor\glfw-master-cherno\deps\glad\vulkan.h">
      <Filter>Vendor\glfw-master-cherno\deps\glad</Filter>
    </ClInclude>
    <ClInclude Include="Scripts\Vendor\glfw-master-cherno\deps\linmath.h">
      <Filter>Vendor\glfw-master-cherno\deps</Filter>
    </ClInclude>
    <ClInclude Include="Scripts\Vendor\glfw-master-cherno\deps\mingw\_mingw_dxhelper.h">
      <Filter>Vendor\glfw-master-cherno\deps\mingw</Filter>
    </ClInclude>
    <ClInclude Include="Scripts\Vendor\glfw-master-cherno\deps\mingw\dinput.h">
      <Filter>Vendor\glfw-master-cherno\deps\mingw</Filter>
    </ClInclude>
    <ClInclude Include="Scripts\Vendor\glfw-master-cherno\deps\mingw\xinput.h">
      <Filter>Vendor\glfw-master-cherno\deps\mingw</Filter>
    </ClInclude>
    <ClInclude Include="Scripts\Vendor\glfw-master-cherno\deps\nuklear.h">
      <Filter>Vendor\glfw-master-cherno\deps</Filter>
    </ClInclude>
    <ClInclude Include="Scripts\Vendor\glfw-master-cherno\deps\nuklear_glfw_gl2.h">
      <Filter>Vendor\glfw-master-cherno\deps</Filter>
    </ClInclude>
    <ClInclude Include="Scripts\Vendor\glfw-master-cherno\deps\stb_image_write.h">
      <Filter>Vendor\glfw-master-cherno\deps</Filter>
    </ClInclude>
    <ClInclude Include="Scripts\Vendor\glfw-master-cherno\deps\tinycthread.h">
      <Filter>Vendor\glfw-master-cherno\deps</Filter>
    </ClInclude>
    <ClInclude Include="Scripts\Vendor\glfw-master-cherno\deps\vs2008\stdint.h">
      <Filter>Vendor\glfw-master-cherno\deps\vs2008</Filter>
    </ClInclude>
    <ClInclude Include="Scripts\Vendor\glfw-master-cherno\include\GLFW\glfw3.h">
      <Filter>Vendor\glfw-master-cherno\include\GLFW</Filter>
    </ClInclude>
    <ClInclude Include="Scripts\Vendor\glfw-master-cherno\include\GLFW\glfw3native.h">
      <Filter>Vendor\glfw-master-cherno\include\GLFW</Filter>
    </ClInclude>
    <ClInclude Include="Scripts\Vendor\glfw-master-cherno\src\cocoa_joystick.h">
      <Filter>Vendor\glfw-master-cherno\src</Filter>
    </ClInclude>
    <ClInclude Include="Scripts\Vendor\glfw-master-cherno\src\cocoa_platform.h">
      <Filter>Vendor\glfw-master-cherno\src</Filter>
    </ClInclude>
    <ClInclude Include="Scripts\Vendor\glfw-master-cherno\src\cocoa_time.h">
      <Filter>Vendor\glfw-master-cherno\src</Filter>
    </ClInclude>
    <ClInclude Include="Scripts\Vendor\glfw-master-cherno\src\internal.h">
      <Filter>Vendor\glfw-master-cherno\src</Filter>
    </ClInclude>
    <ClInclude Include="Scripts\Vendor\glfw-master-cherno\src\linux_joystick.h">
      <Filter>Vendor\glfw-master-cherno\src</Filter>
    </ClInclude>
    <ClInclude Include="Scripts\Vendor\glfw-master-cherno\src\mappings.h">
      <Filter>Vendor\glfw-master-cherno\src</Filter>
    </ClInclude>
    <ClInclude Include="Scripts\Vendor\glfw-master-cherno\src\null_joystick.h">
      <Filter>Vendor\glfw-master-cherno\src</Filter>
    </ClInclude>
    <ClInclude Include="Scripts\Vendor\glfw-master-cherno\src\null_platform.h">
      <Filter>Vendor\glfw-master-cherno\src</Filter>
    </ClInclude>
    <ClInclude Include="Scripts\Vendor\glfw-master-cherno\src\platform.h">
      <Filter>Vendor\glfw-master-cherno\src</Filter>
    </ClInclude>
    <ClInclude Include="Scripts\Vendor\glfw-master-cherno\src\posix_thread.h">
      <Filter>Vendor\glfw-master-cherno\src</Filter>
    </ClInclude>
    <ClInclude Include="Scripts\Vendor\glfw-master-cherno\src\posix_time.h">
      <Filter>Vendor\glfw-master-cherno\src</Filter>
    </ClInclude>
    <ClInclude Include="Scripts\Vendor\glfw-master-cherno\src\win32_joystick.h">
      <Filter>Vendor\glfw-master-cherno\src</Filter>
    </ClInclude>
    <ClInclude Include="Scripts\Vendor\glfw-master-cherno\src\win32_platform.h">
      <Filter>Vendor\glfw-master-cherno\src</Filter>
    </ClInclude>
    <ClInclude Include="Scripts\Vendor\glfw-master-cherno\src\win32_thread.h">
      <Filter>Vendor\glfw-master-cherno\src</Filter>
    </ClInclude>
    <ClInclude Include="Scripts\Vendor\glfw-master-cherno\src\win32_time.h">
      <Filter>Vendor\glfw-master-cherno\src</Filter>
    </ClInclude>
    <ClInclude Include="Scripts\Vendor\glfw-master-cherno\src\wl_platform.h">
      <Filter>Vendor\glfw-master-cherno\src</Filter>
    </ClInclude>
    <ClInclude Include="Scripts\Vendor\glfw-master-cherno\src\x11_platform.h">
      <Filter>Vendor\glfw-master-cherno\src</Filter>
    </ClInclude>
    <ClInclude Include="Scripts\Vendor\glfw-master-cherno\src\xkb_unicode.h">
      <Filter>Vendor\glfw-master-cherno\src</Filter>
    </ClInclude>
    <ClInclude Include="Scripts\Vendor\glm\simd\common.h">
      <Filter>Vendor\glm\simd</Filter>
    </ClInclude>
    <ClInclude Include="Scripts\Vendor\glm\simd\exponential.h">
      <Filter>Vendor\glm\simd</Filter>
    </ClInclude>
    <ClInclude Include="Scripts\Vendor\glm\simd\geometric.h">
      <Filter>Vendor\glm\simd</Filter>
    </ClInclude>
    <ClInclude Include="Scripts\Vendor\glm\simd\integer.h">
      <Filter>Vendor\glm\simd</Filter>
    </ClInclude>
    <ClInclude Include="Scripts\Vendor\glm\simd\matrix.h">
      <Filter>Vendor\glm\simd</Filter>
    </ClInclude>
    <ClInclude Include="Scripts\Vendor\glm\simd\neon.h">
      <Filter>Vendor\glm\simd</Filter>
    </ClInclude>
    <ClInclude Include="Scripts\Vendor\glm\simd\packing.h">
      <Filter>Vendor\glm\simd</Filter>
    </ClInclude>
    <ClInclude Include="Scripts\Vendor\glm\simd\platform.h">
      <Filter>Vendor\glm\simd</Filter>
    </ClInclude>
    <ClInclude Include="Scripts\Vendor\glm\simd\trigonometric.h">
      <Filter>Vendor\glm\simd</Filter>
    </ClInclude>
    <ClInclude Include="Scripts\Vendor\glm\simd\vector_relational.h">
      <Filter>Vendor\glm\simd</Filter>
    </ClInclude>
    <ClInclude Include="Scripts\Vendor\imgui\imconfig.h">
      <Filter>Vendor\imgui</Filter>
    </ClInclude>
    <ClInclude Include="Scripts\Vendor\imgui\imgui.h">
      <Filter>Vendor\imgui</Filter>
    </ClInclude>
    <ClInclude Include="Scripts\Vendor\imgui\imgui_impl_glfw.h">
      <Filter>Vendor\imgui</Filter>
    </ClInclude>
    <ClInclude Include="Scripts\Vendor\imgui\imgui_impl_opengl3.h">
      <Filter>Vendor\imgui</Filter>
    </ClInclude>
    <ClInclude Include="Scripts\Vendor\imgui\imgui_impl_opengl3_loader.h">
      <Filter>Vendor\imgui</Filter>
    </ClInclude>
    <ClInclude Include="Scripts\Vendor\imgui\imgui_internal.h">
      <Filter>Vendor\imgui</Filter>
    </ClInclude>
    <ClInclude Include="Scripts\Vendor\imgui\imgui_stdlib.h">
      <Filter>Vendor\imgui</Filter>
    </ClInclude>
    <ClInclude Include="Scripts\Vendor\imgui\imstb_rectpack.h">
      <Filter>Vendor\imgui</Filter>
    </ClInclude>
    <ClInclude Include="Scripts\Vendor\imgui\imstb_textedit.h">
      <Filter>Vendor\imgui</Filter>
    </ClInclude>
    <ClInclude Include="Scripts\Vendor\imgui\imstb_truetype.h">
      <Filter>Vendor\imgui</Filter>
    </ClInclude>
    <ClInclude Include="Scripts\Vendor\stb_image\stb_image.h">
      <Filter>Vendor\stb_image</Filter>
    </ClInclude>
    <ClInclude Include="Scripts\Headers\Audio\audiocontext.h" />
    <ClInclude Include="Scripts\Headers\Audio\audiomanager.h" />
    <ClInclude Include="Scripts\Headers\Audio\sound.h" />
  </ItemGroup>
  <ItemGroup>
    <ClCompile Include="Scripts\Audio\AudioBuffer.cpp">
      <Filter>Audio</Filter>
    </ClCompile>
    <ClCompile Include="Scripts\Audio\AudioListener.cpp">
      <Filter>Audio</Filter>
    </ClCompile>
    <ClCompile Include="Scripts\Audio\AudioSource.cpp">
      <Filter>Audio</Filter>
    </ClCompile>
    <ClCompile Include="Scripts\Core\Action.cpp">
      <Filter>Core</Filter>
    </ClCompile>
    <ClCompile Include="Scripts\Core\Animation.cpp">
      <Filter>Core</Filter>
    </ClCompile>
    <ClCompile Include="Scripts\Core\AnimationFrame.cpp">
      <Filter>Core</Filter>
    </ClCompile>
    <ClCompile Include="Scripts\Core\AnimationPlayer.cpp">
      <Filter>Core</Filter>
    </ClCompile>
    <ClCompile Include="Scripts\Core\Application.cpp">
      <Filter>Core</Filter>
    </ClCompile>
    <ClCompile Include="Scripts\Core\Character.cpp">
      <Filter>Core</Filter>
    </ClCompile>
    <ClCompile Include="Scripts\Core\EditorUI.cpp">
      <Filter>Core</Filter>
    </ClCompile>
    <ClCompile Include="Scripts\Core\FileManager.cpp">
      <Filter>Core</Filter>
    </ClCompile>
    <ClCompile Include="Scripts\Core\Input.cpp">
      <Filter>Core</Filter>
    </ClCompile>
    <ClCompile Include="Scripts\Core\Renderer.cpp">
      <Filter>Core</Filter>
    </ClCompile>
    <ClCompile Include="Scripts\Rendering\FrameBuffer.cpp">
      <Filter>Rendering</Filter>
    </ClCompile>
    <ClCompile Include="Scripts\Rendering\IndexBuffer.cpp">
      <Filter>Rendering</Filter>
    </ClCompile>
    <ClCompile Include="Scripts\Rendering\Shader.cpp">
      <Filter>Rendering</Filter>
    </ClCompile>
    <ClCompile Include="Scripts\Rendering\Texture.cpp">
      <Filter>Rendering</Filter>
    </ClCompile>
    <ClCompile Include="Scripts\Rendering\VertexArray.cpp">
      <Filter>Rendering</Filter>
    </ClCompile>
    <ClCompile Include="Scripts\Rendering\VertexBuffer.cpp">
      <Filter>Rendering</Filter>
    </ClCompile>
    <ClCompile Include="Scripts\Source.cpp" />
    <ClCompile Include="Scripts\Tests\Test.cpp">
      <Filter>Tests</Filter>
    </ClCompile>
    <ClCompile Include="Scripts\Tests\TestClearColour.cpp">
      <Filter>Tests</Filter>
    </ClCompile>
    <ClCompile Include="Scripts\Tests\TestTexture2D.cpp">
      <Filter>Tests</Filter>
    </ClCompile>
    <ClCompile Include="Scripts\Vendor\glm\detail\glm.cpp">
      <Filter>Vendor\glm\detail</Filter>
    </ClCompile>
    <ClCompile Include="Scripts\Vendor\imgui\imgui.cpp">
      <Filter>Vendor\imgui</Filter>
    </ClCompile>
    <ClCompile Include="Scripts\Vendor\imgui\imgui_demo.cpp">
      <Filter>Vendor\imgui</Filter>
    </ClCompile>
    <ClCompile Include="Scripts\Vendor\imgui\imgui_draw.cpp">
      <Filter>Vendor\imgui</Filter>
    </ClCompile>
    <ClCompile Include="Scripts\Vendor\imgui\imgui_impl_glfw.cpp">
      <Filter>Vendor\imgui</Filter>
    </ClCompile>
    <ClCompile Include="Scripts\Vendor\imgui\imgui_impl_opengl3.cpp">
      <Filter>Vendor\imgui</Filter>
    </ClCompile>
    <ClCompile Include="Scripts\Vendor\imgui\imgui_stdlib.cpp">
      <Filter>Vendor\imgui</Filter>
    </ClCompile>
    <ClCompile Include="Scripts\Vendor\imgui\imgui_tables.cpp">
      <Filter>Vendor\imgui</Filter>
    </ClCompile>
    <ClCompile Include="Scripts\Vendor\imgui\imgui_widgets.cpp">
      <Filter>Vendor\imgui</Filter>
    </ClCompile>
    <ClCompile Include="Scripts\Vendor\stb_image\STB_Image.cpp">
      <Filter>Vendor\stb_image</Filter>
    </ClCompile>
    <ClCompile Include="Scripts\Audio\AudioContext.cpp" />
    <ClCompile Include="Scripts\Audio\AudioManager.cpp" />
  </ItemGroup>
</Project>