<?xml version="1.0" encoding="utf-8"?>
<Project ToolsVersion="4.0" xmlns="http://schemas.microsoft.com/developer/msbuild/2003">
  <ItemGroup>
    <Filter Include="Audio">
      <UniqueIdentifier>{9718D90C-032D-01BE-CCAE-A41D3882FDEE}</UniqueIdentifier>
    </Filter>
    <Filter Include="Core">
      <UniqueIdentifier>{2EB4837C-1AEB-840D-C3D7-6A10AFED000F}</UniqueIdentifier>
    </Filter>
    <Filter Include="Headers">
      <UniqueIdentifier>{C196CD9C-2D76-4C38-368E-D70EA2ECB299}</UniqueIdentifier>
    </Filter>
    <Filter Include="Headers\Audio">
      <UniqueIdentifier>{82714A5D-EE31-C693-B76C-0F1123EC0A70}</UniqueIdentifier>
    </Filter>
    <Filter Include="Headers\Core">
      <UniqueIdentifier>{B91B6850-A57E-F7F4-4E04-30AB3A46C377}</UniqueIdentifier>
    </Filter>
    <Filter Include="Headers\Math">
      <UniqueIdentifier>{3A5C6D50-26BF-FCF4-CF44-35ABBB86C877}</UniqueIdentifier>
    </Filter>
    <Filter Include="Headers\Rendering">
      <UniqueIdentifier>{4E8519E6-BA9B-177C-0313-A39D6F68E803}</UniqueIdentifier>
    </Filter>
    <Filter Include="Rendering">
      <UniqueIdentifier>{E3AE1F7C-4F19-D4F2-9857-85980401B247}</UniqueIdentifier>
    </Filter>
    <Filter Include="Tests">
      <UniqueIdentifier>{5865280E-C479-50BF-8DFB-F31EF9CE4CF0}</UniqueIdentifier>
    </Filter>
    <Filter Include="Vendor">
      <UniqueIdentifier>{935FDCD7-7F01-07AE-68BC-1A0254FD8DFE}</UniqueIdentifier>
    </Filter>
    <Filter Include="Vendor\glm">
      <UniqueIdentifier>{627B7327-4E33-B574-B73A-8ED0A3115065}</UniqueIdentifier>
    </Filter>
    <Filter Include="Vendor\glm\detail">
      <UniqueIdentifier>{E490280D-50A7-26A3-991E-B2C40574F72A}</UniqueIdentifier>
    </Filter>
    <Filter Include="Vendor\imgui">
      <UniqueIdentifier>{3D8F64D2-29F2-F376-D277-2C2DBEB9BFF9}</UniqueIdentifier>
    </Filter>
    <Filter Include="Vendor\openal-soft-master">
      <UniqueIdentifier>{4394F33B-AF56-27C6-F806-B652640800A4}</UniqueIdentifier>
    </Filter>
    <Filter Include="Vendor\openal-soft-master\al">
      <UniqueIdentifier>{3FA660EC-2B61-5098-D418-C9E2C0B29A28}</UniqueIdentifier>
    </Filter>
    <Filter Include="Vendor\openal-soft-master\al\eax">
      <UniqueIdentifier>{2C2ED3DC-187F-BE1E-41E3-ACE02D935188}</UniqueIdentifier>
    </Filter>
    <Filter Include="Vendor\openal-soft-master\al\effects">
      <UniqueIdentifier>{0E8D735C-FA73-3554-A3C4-9B718F8AAEBA}</UniqueIdentifier>
    </Filter>
    <Filter Include="Vendor\openal-soft-master\alc">
      <UniqueIdentifier>{826E7578-EE86-5CA2-B733-EC3B230BF13B}</UniqueIdentifier>
    </Filter>
    <Filter Include="Vendor\openal-soft-master\alc\backends">
      <UniqueIdentifier>{EC5A6451-D8AC-3B41-C1CB-7851ADBC542A}</UniqueIdentifier>
    </Filter>
    <Filter Include="Vendor\openal-soft-master\alc\effects">
      <UniqueIdentifier>{51E86171-BDAC-6061-8612-912BF295FC96}</UniqueIdentifier>
    </Filter>
    <Filter Include="Vendor\openal-soft-master\common">
      <UniqueIdentifier>{3BECD5E1-273D-C123-50A1-AFE53C51548D}</UniqueIdentifier>
    </Filter>
    <Filter Include="Vendor\openal-soft-master\core">
      <UniqueIdentifier>{9B662487-878C-EEED-70D2-73B95C9713BA}</UniqueIdentifier>
    </Filter>
    <Filter Include="Vendor\openal-soft-master\core\filters">
      <UniqueIdentifier>{03751E90-EFC6-F57F-D8E5-3290C4D60E69}</UniqueIdentifier>
    </Filter>
    <Filter Include="Vendor\openal-soft-master\core\mixer">
      <UniqueIdentifier>{0F336E17-FB19-300F-A46A-962C9030A975}</UniqueIdentifier>
    </Filter>
    <Filter Include="Vendor\openal-soft-master\examples">
      <UniqueIdentifier>{515D5420-3D99-578A-A6AB-6F81920600A5}</UniqueIdentifier>
    </Filter>
    <Filter Include="Vendor\openal-soft-master\router">
      <UniqueIdentifier>{33CDD704-1F1E-C346-4882-B108343256B0}</UniqueIdentifier>
    </Filter>
    <Filter Include="Vendor\openal-soft-master\tests">
      <UniqueIdentifier>{6565DF6C-D148-EEAC-DA4B-1CE946AEB4FD}</UniqueIdentifier>
    </Filter>
    <Filter Include="Vendor\openal-soft-master\utils">
      <UniqueIdentifier>{038CF96C-6F6F-08AD-7872-36E9E4D4CEFD}</UniqueIdentifier>
    </Filter>
    <Filter Include="Vendor\openal-soft-master\utils\alsoft-config">
      <UniqueIdentifier>{1E54B358-8AC4-B5D1-53E3-2F5ABF12EED2}</UniqueIdentifier>
    </Filter>
    <Filter Include="Vendor\openal-soft-master\utils\makemhr">
      <UniqueIdentifier>{37B5EAD1-A344-ACBC-AC40-8DD4184FE7C8}</UniqueIdentifier>
    </Filter>
    <Filter Include="Vendor\stb_image">
      <UniqueIdentifier>{EDE315D3-D9DC-3425-020F-1AAAEE661431}</UniqueIdentifier>
    </Filter>
  </ItemGroup>
  <ItemGroup>
    <ClInclude Include="Scripts\Headers\Audio\audiobuffer.h">
      <Filter>Headers\Audio</Filter>
    </ClInclude>
    <ClInclude Include="Scripts\Headers\Audio\audiolistener.h">
      <Filter>Headers\Audio</Filter>
    </ClInclude>
    <ClInclude Include="Scripts\Headers\Audio\audiosource.h">
      <Filter>Headers\Audio</Filter>
    </ClInclude>
    <ClInclude Include="Scripts\Headers\Core\action.h">
      <Filter>Headers\Core</Filter>
    </ClInclude>
    <ClInclude Include="Scripts\Headers\Core\animation.h">
      <Filter>Headers\Core</Filter>
    </ClInclude>
    <ClInclude Include="Scripts\Headers\Core\animationframe.h">
      <Filter>Headers\Core</Filter>
    </ClInclude>
    <ClInclude Include="Scripts\Headers\Core\animationplayer.h">
      <Filter>Headers\Core</Filter>
    </ClInclude>
    <ClInclude Include="Scripts\Headers\Core\application.h">
      <Filter>Headers\Core</Filter>
    </ClInclude>
    <ClInclude Include="Scripts\Headers\Core\character.h">
      <Filter>Headers\Core</Filter>
    </ClInclude>
    <ClInclude Include="Scripts\Headers\Core\gameobject.h">
      <Filter>Headers\Core</Filter>
    </ClInclude>
    <ClInclude Include="Scripts\Headers\Core\input.h">
      <Filter>Headers\Core</Filter>
    </ClInclude>
    <ClInclude Include="Scripts\Headers\Core\renderer.h">
      <Filter>Headers\Core</Filter>
    </ClInclude>
    <ClInclude Include="Scripts\Headers\Math\transform.h">
      <Filter>Headers\Math</Filter>
    </ClInclude>
    <ClInclude Include="Scripts\Headers\Math\vector.h">
      <Filter>Headers\Math</Filter>
    </ClInclude>
    <ClInclude Include="Scripts\Headers\Math\vertex.h">
      <Filter>Headers\Math</Filter>
    </ClInclude>
    <ClInclude Include="Scripts\Headers\Rendering\indexbuffer.h">
      <Filter>Headers\Rendering</Filter>
    </ClInclude>
    <ClInclude Include="Scripts\Headers\Rendering\shader.h">
      <Filter>Headers\Rendering</Filter>
    </ClInclude>
    <ClInclude Include="Scripts\Headers\Rendering\texture.h">
      <Filter>Headers\Rendering</Filter>
    </ClInclude>
    <ClInclude Include="Scripts\Headers\Rendering\vertexarray.h">
      <Filter>Headers\Rendering</Filter>
    </ClInclude>
    <ClInclude Include="Scripts\Headers\Rendering\vertexbuffer.h">
      <Filter>Headers\Rendering</Filter>
    </ClInclude>
    <ClInclude Include="Scripts\Headers\Rendering\vertexbufferlayout.h">
      <Filter>Headers\Rendering</Filter>
    </ClInclude>
  </ItemGroup>
  <ItemGroup>
    <ClCompile Include="Scripts\Audio\AudioBuffer.cpp">
      <Filter>Audio</Filter>
    </ClCompile>
    <ClCompile Include="Scripts\Audio\AudioListener.cpp">
      <Filter>Audio</Filter>
    </ClCompile>
    <ClCompile Include="Scripts\Audio\AudioSource.cpp">
      <Filter>Audio</Filter>
    </ClCompile>
    <ClCompile Include="Scripts\Core\Action.cpp">
      <Filter>Core</Filter>
    </ClCompile>
    <ClCompile Include="Scripts\Core\Animation.cpp">
      <Filter>Core</Filter>
    </ClCompile>
    <ClCompile Include="Scripts\Core\AnimationFrame.cpp">
      <Filter>Core</Filter>
    </ClCompile>
    <ClCompile Include="Scripts\Core\AnimationPlayer.cpp">
      <Filter>Core</Filter>
    </ClCompile>
    <ClCompile Include="Scripts\Core\Application.cpp">
      <Filter>Core</Filter>
    </ClCompile>
    <ClCompile Include="Scripts\Core\Character.cpp">
      <Filter>Core</Filter>
    </ClCompile>
    <ClCompile Include="Scripts\Core\Input.cpp">
      <Filter>Core</Filter>
    </ClCompile>
    <ClCompile Include="Scripts\Core\Renderer.cpp">
      <Filter>Core</Filter>
    </ClCompile>
    <ClCompile Include="Scripts\Rendering\IndexBuffer.cpp">
      <Filter>Rendering</Filter>
    </ClCompile>
    <ClCompile Include="Scripts\Rendering\Shader.cpp">
      <Filter>Rendering</Filter>
    </ClCompile>
    <ClCompile Include="Scripts\Rendering\Texture.cpp">
      <Filter>Rendering</Filter>
    </ClCompile>
    <ClCompile Include="Scripts\Rendering\VertexArray.cpp">
      <Filter>Rendering</Filter>
    </ClCompile>
    <ClCompile Include="Scripts\Rendering\VertexBuffer.cpp">
      <Filter>Rendering</Filter>
    </ClCompile>
    <ClCompile Include="Scripts\Source.cpp" />
    <ClCompile Include="Scripts\Tests\Test.cpp">
      <Filter>Tests</Filter>
    </ClCompile>
    <ClCompile Include="Scripts\Tests\TestClearColour.cpp">
      <Filter>Tests</Filter>
    </ClCompile>
    <ClCompile Include="Scripts\Tests\TestTexture2D.cpp">
      <Filter>Tests</Filter>
    </ClCompile>
    <ClCompile Include="Scripts\Vendor\glm\detail\glm.cpp">
      <Filter>Vendor\glm\detail</Filter>
    </ClCompile>
    <ClCompile Include="Scripts\Vendor\imgui\imgui.cpp">
      <Filter>Vendor\imgui</Filter>
    </ClCompile>
    <ClCompile Include="Scripts\Vendor\imgui\imgui_demo.cpp">
      <Filter>Vendor\imgui</Filter>
    </ClCompile>
    <ClCompile Include="Scripts\Vendor\imgui\imgui_draw.cpp">
      <Filter>Vendor\imgui</Filter>
    </ClCompile>
    <ClCompile Include="Scripts\Vendor\imgui\imgui_impl_glfw.cpp">
      <Filter>Vendor\imgui</Filter>
    </ClCompile>
    <ClCompile Include="Scripts\Vendor\imgui\imgui_impl_opengl3.cpp">
      <Filter>Vendor\imgui</Filter>
    </ClCompile>
    <ClCompile Include="Scripts\Vendor\imgui\imgui_tables.cpp">
      <Filter>Vendor\imgui</Filter>
    </ClCompile>
    <ClCompile Include="Scripts\Vendor\imgui\imgui_widgets.cpp">
      <Filter>Vendor\imgui</Filter>
    </ClCompile>
    <ClCompile Include="Scripts\Vendor\stb_image\STB_Image.cpp">
      <Filter>Vendor\stb_image</Filter>
    </ClCompile>
  </ItemGroup>
</Project>