<?xml version="1.0" encoding="utf-8"?>
<Project ToolsVersion="4.0" xmlns="http://schemas.microsoft.com/developer/msbuild/2003">
  <ItemGroup>
    <Filter Include="Vendor">
      <UniqueIdentifier>{935FDCD7-7F01-07AE-68BC-1A0254FD8DFE}</UniqueIdentifier>
    </Filter>
    <Filter Include="Vendor\glm">
      <UniqueIdentifier>{627B7327-4E33-B574-B73A-8ED0A3115065}</UniqueIdentifier>
    </Filter>
    <Filter Include="Vendor\glm\detail">
      <UniqueIdentifier>{E490280D-50A7-26A3-991E-B2C40574F72A}</UniqueIdentifier>
    </Filter>
    <Filter Include="Vendor\glm\simd">
      <UniqueIdentifier>{FE44059A-6AD0-725E-73E1-F552DFEBCE5E}</UniqueIdentifier>
    </Filter>
    <Filter Include="Vendor\imgui">
      <UniqueIdentifier>{3D8F64D2-29F2-F376-D277-2C2DBEB9BFF9}</UniqueIdentifier>
    </Filter>
    <Filter Include="Vendor\stb_image">
      <UniqueIdentifier>{EDE315D3-D9DC-3425-020F-1AAAEE661431}</UniqueIdentifier>
    </Filter>
    <Filter Include="src">
      <UniqueIdentifier>{2DAB880B-99B4-887C-2230-9F7C8E38947C}</UniqueIdentifier>
    </Filter>
    <Filter Include="src\Audio">
      <UniqueIdentifier>{EE2696B2-5A91-4A29-A3CF-FBCE0F79287E}</UniqueIdentifier>
    </Filter>
    <Filter Include="src\Core">
      <UniqueIdentifier>{A5D31CCF-91A0-77DA-BAB9-6582A6E5AC68}</UniqueIdentifier>
    </Filter>
    <Filter Include="src\GameObjects">
      <UniqueIdentifier>{A0E17904-0C6D-E7C8-157E-6ABD818843C9}</UniqueIdentifier>
    </Filter>
    <Filter Include="src\Rendering">
      <UniqueIdentifier>{BA10DABB-26D1-55F2-EF0B-9F6F5B8B9ACE}</UniqueIdentifier>
    </Filter>
    <Filter Include="src\Tests">
      <UniqueIdentifier>{AF73E5B3-1BDE-992A-641C-4BD0D0C5777F}</UniqueIdentifier>
    </Filter>
    <Filter Include="src\include">
      <UniqueIdentifier>{A0AF70A7-0C65-E99C-9559-E373010EE0A0}</UniqueIdentifier>
    </Filter>
    <Filter Include="src\include\Audio">
      <UniqueIdentifier>{A175DA19-0D8C-D8AF-5603-64D1C258A937}</UniqueIdentifier>
    </Filter>
    <Filter Include="src\include\Core">
      <UniqueIdentifier>{F897E87C-E490-07CF-0DC3-EC53F91AE7DA}</UniqueIdentifier>
    </Filter>
    <Filter Include="src\include\GameObjects">
      <UniqueIdentifier>{932A39E0-FF61-8177-086C-E59A7422A870}</UniqueIdentifier>
    </Filter>
    <Filter Include="src\include\Math">
      <UniqueIdentifier>{79D8ED7C-65D1-0CCF-8E03-F2537A5BECDA}</UniqueIdentifier>
    </Filter>
    <Filter Include="src\include\Rendering">
      <UniqueIdentifier>{ED803CB5-59ED-F7AF-22E1-8F0D8E0C1A18}</UniqueIdentifier>
    </Filter>
  </ItemGroup>
  <ItemGroup>
    <ClInclude Include="Vendor\glm\simd\common.h">
      <Filter>Vendor\glm\simd</Filter>
    </ClInclude>
    <ClInclude Include="Vendor\glm\simd\exponential.h">
      <Filter>Vendor\glm\simd</Filter>
    </ClInclude>
    <ClInclude Include="Vendor\glm\simd\geometric.h">
      <Filter>Vendor\glm\simd</Filter>
    </ClInclude>
    <ClInclude Include="Vendor\glm\simd\integer.h">
      <Filter>Vendor\glm\simd</Filter>
    </ClInclude>
    <ClInclude Include="Vendor\glm\simd\matrix.h">
      <Filter>Vendor\glm\simd</Filter>
    </ClInclude>
    <ClInclude Include="Vendor\glm\simd\neon.h">
      <Filter>Vendor\glm\simd</Filter>
    </ClInclude>
    <ClInclude Include="Vendor\glm\simd\packing.h">
      <Filter>Vendor\glm\simd</Filter>
    </ClInclude>
    <ClInclude Include="Vendor\glm\simd\platform.h">
      <Filter>Vendor\glm\simd</Filter>
    </ClInclude>
    <ClInclude Include="Vendor\glm\simd\trigonometric.h">
      <Filter>Vendor\glm\simd</Filter>
    </ClInclude>
    <ClInclude Include="Vendor\glm\simd\vector_relational.h">
      <Filter>Vendor\glm\simd</Filter>
    </ClInclude>
    <ClInclude Include="Vendor\imgui\imconfig.h">
      <Filter>Vendor\imgui</Filter>
    </ClInclude>
    <ClInclude Include="Vendor\imgui\imgui.h">
      <Filter>Vendor\imgui</Filter>
    </ClInclude>
    <ClInclude Include="Vendor\imgui\imgui_impl_glfw.h">
      <Filter>Vendor\imgui</Filter>
    </ClInclude>
    <ClInclude Include="Vendor\imgui\imgui_impl_opengl3.h">
      <Filter>Vendor\imgui</Filter>
    </ClInclude>
    <ClInclude Include="Vendor\imgui\imgui_impl_opengl3_loader.h">
      <Filter>Vendor\imgui</Filter>
    </ClInclude>
    <ClInclude Include="Vendor\imgui\imgui_internal.h">
      <Filter>Vendor\imgui</Filter>
    </ClInclude>
    <ClInclude Include="Vendor\imgui\imgui_stdlib.h">
      <Filter>Vendor\imgui</Filter>
    </ClInclude>
    <ClInclude Include="Vendor\imgui\imstb_rectpack.h">
      <Filter>Vendor\imgui</Filter>
    </ClInclude>
    <ClInclude Include="Vendor\imgui\imstb_textedit.h">
      <Filter>Vendor\imgui</Filter>
    </ClInclude>
    <ClInclude Include="Vendor\imgui\imstb_truetype.h">
      <Filter>Vendor\imgui</Filter>
    </ClInclude>
    <ClInclude Include="Vendor\stb_image\stb_image.h">
      <Filter>Vendor\stb_image</Filter>
    </ClInclude>
    <ClInclude Include="src\Tests\test.h">
      <Filter>src\Tests</Filter>
    </ClInclude>
    <ClInclude Include="src\Tests\testclearcolour.h">
      <Filter>src\Tests</Filter>
    </ClInclude>
    <ClInclude Include="src\Tests\testtexture2d.h">
      <Filter>src\Tests</Filter>
    </ClInclude>
    <ClInclude Include="src\include\Audio\audiobuffer.h">
      <Filter>src\include\Audio</Filter>
    </ClInclude>
    <ClInclude Include="src\include\Audio\audiocontext.h">
      <Filter>src\include\Audio</Filter>
    </ClInclude>
    <ClInclude Include="src\include\Audio\audiolistener.h">
      <Filter>src\include\Audio</Filter>
    </ClInclude>
    <ClInclude Include="src\include\Audio\audiomanager.h">
      <Filter>src\include\Audio</Filter>
    </ClInclude>
    <ClInclude Include="src\include\Audio\audiosource.h">
      <Filter>src\include\Audio</Filter>
    </ClInclude>
    <ClInclude Include="src\include\Audio\orbiteraudio.h">
      <Filter>src\include\Audio</Filter>
    </ClInclude>
    <ClInclude Include="src\include\Audio\sound.h">
      <Filter>src\include\Audio</Filter>
    </ClInclude>
    <ClInclude Include="src\include\Core\action.h">
      <Filter>src\include\Core</Filter>
    </ClInclude>
    <ClInclude Include="src\include\Core\animation.h">
      <Filter>src\include\Core</Filter>
    </ClInclude>
    <ClInclude Include="src\include\Core\animationframe.h">
      <Filter>src\include\Core</Filter>
    </ClInclude>
    <ClInclude Include="src\include\Core\animationplayer.h">
      <Filter>src\include\Core</Filter>
    </ClInclude>
    <ClInclude Include="src\include\Core\application.h">
      <Filter>src\include\Core</Filter>
    </ClInclude>
    <ClInclude Include="src\include\Core\filemanager.h">
      <Filter>src\include\Core</Filter>
    </ClInclude>
    <ClInclude Include="src\include\Core\input.h">
      <Filter>src\include\Core</Filter>
    </ClInclude>
    <ClInclude Include="src\include\Core\orbitercore.h">
      <Filter>src\include\Core</Filter>
    </ClInclude>
    <ClInclude Include="src\include\Core\renderer.h">
      <Filter>src\include\Core</Filter>
    </ClInclude>
    <ClInclude Include="src\include\Core\renderinglayer.h">
      <Filter>src\include\Core</Filter>
    </ClInclude>
    <ClInclude Include="src\include\GameObjects\camera2d.h">
      <Filter>src\include\GameObjects</Filter>
    </ClInclude>
    <ClInclude Include="src\include\GameObjects\character.h">
      <Filter>src\include\GameObjects</Filter>
    </ClInclude>
    <ClInclude Include="src\include\GameObjects\gameobject.h">
      <Filter>src\include\GameObjects</Filter>
    </ClInclude>
    <ClInclude Include="src\include\Math\transform.h">
      <Filter>src\include\Math</Filter>
    </ClInclude>
    <ClInclude Include="src\include\Math\vector.h">
      <Filter>src\include\Math</Filter>
    </ClInclude>
    <ClInclude Include="src\include\Math\vertex.h">
      <Filter>src\include\Math</Filter>
    </ClInclude>
    <ClInclude Include="src\include\Rendering\framebuffer.h">
      <Filter>src\include\Rendering</Filter>
    </ClInclude>
    <ClInclude Include="src\include\Rendering\indexbuffer.h">
      <Filter>src\include\Rendering</Filter>
    </ClInclude>
    <ClInclude Include="src\include\Rendering\orbiterrenderer.h">
      <Filter>src\include\Rendering</Filter>
    </ClInclude>
    <ClInclude Include="src\include\Rendering\shader.h">
      <Filter>src\include\Rendering</Filter>
    </ClInclude>
    <ClInclude Include="src\include\Rendering\texture.h">
      <Filter>src\include\Rendering</Filter>
    </ClInclude>
    <ClInclude Include="src\include\Rendering\vertexarray.h">
      <Filter>src\include\Rendering</Filter>
    </ClInclude>
    <ClInclude Include="src\include\Rendering\vertexbuffer.h">
      <Filter>src\include\Rendering</Filter>
    </ClInclude>
    <ClInclude Include="src\include\Rendering\vertexbufferlayout.h">
      <Filter>src\include\Rendering</Filter>
    </ClInclude>
    <ClInclude Include="src\include\orbiter.h">
      <Filter>src\include</Filter>
    </ClInclude>
  </ItemGroup>
  <ItemGroup>
    <ClCompile Include="Vendor\glm\detail\glm.cpp">
      <Filter>Vendor\glm\detail</Filter>
    </ClCompile>
    <ClCompile Include="Vendor\imgui\imgui.cpp">
      <Filter>Vendor\imgui</Filter>
    </ClCompile>
    <ClCompile Include="Vendor\imgui\imgui_demo.cpp">
      <Filter>Vendor\imgui</Filter>
    </ClCompile>
    <ClCompile Include="Vendor\imgui\imgui_draw.cpp">
      <Filter>Vendor\imgui</Filter>
    </ClCompile>
    <ClCompile Include="Vendor\imgui\imgui_impl_glfw.cpp">
      <Filter>Vendor\imgui</Filter>
    </ClCompile>
    <ClCompile Include="Vendor\imgui\imgui_impl_opengl3.cpp">
      <Filter>Vendor\imgui</Filter>
    </ClCompile>
    <ClCompile Include="Vendor\imgui\imgui_stdlib.cpp">
      <Filter>Vendor\imgui</Filter>
    </ClCompile>
    <ClCompile Include="Vendor\imgui\imgui_tables.cpp">
      <Filter>Vendor\imgui</Filter>
    </ClCompile>
    <ClCompile Include="Vendor\imgui\imgui_widgets.cpp">
      <Filter>Vendor\imgui</Filter>
    </ClCompile>
    <ClCompile Include="Vendor\stb_image\STB_Image.cpp">
      <Filter>Vendor\stb_image</Filter>
    </ClCompile>
    <ClCompile Include="src\Audio\AudioBuffer.cpp">
      <Filter>src\Audio</Filter>
    </ClCompile>
    <ClCompile Include="src\Audio\AudioContext.cpp">
      <Filter>src\Audio</Filter>
    </ClCompile>
    <ClCompile Include="src\Audio\AudioListener.cpp">
      <Filter>src\Audio</Filter>
    </ClCompile>
    <ClCompile Include="src\Audio\AudioManager.cpp">
      <Filter>src\Audio</Filter>
    </ClCompile>
    <ClCompile Include="src\Audio\AudioSource.cpp">
      <Filter>src\Audio</Filter>
    </ClCompile>
    <ClCompile Include="src\Core\Action.cpp">
      <Filter>src\Core</Filter>
    </ClCompile>
    <ClCompile Include="src\Core\Animation.cpp">
      <Filter>src\Core</Filter>
    </ClCompile>
    <ClCompile Include="src\Core\AnimationFrame.cpp">
      <Filter>src\Core</Filter>
    </ClCompile>
    <ClCompile Include="src\Core\AnimationPlayer.cpp">
      <Filter>src\Core</Filter>
    </ClCompile>
    <ClCompile Include="src\Core\Application.cpp">
      <Filter>src\Core</Filter>
    </ClCompile>
    <ClCompile Include="src\Core\FileManager.cpp">
      <Filter>src\Core</Filter>
    </ClCompile>
    <ClCompile Include="src\Core\Input.cpp">
      <Filter>src\Core</Filter>
    </ClCompile>
    <ClCompile Include="src\Core\Renderer.cpp">
      <Filter>src\Core</Filter>
    </ClCompile>
    <ClCompile Include="src\GameObjects\Camera2D.cpp">
      <Filter>src\GameObjects</Filter>
    </ClCompile>
    <ClCompile Include="src\GameObjects\Character.cpp">
      <Filter>src\GameObjects</Filter>
    </ClCompile>
    <ClCompile Include="src\Rendering\FrameBuffer.cpp">
      <Filter>src\Rendering</Filter>
    </ClCompile>
    <ClCompile Include="src\Rendering\IndexBuffer.cpp">
      <Filter>src\Rendering</Filter>
    </ClCompile>
    <ClCompile Include="src\Rendering\Shader.cpp">
      <Filter>src\Rendering</Filter>
    </ClCompile>
    <ClCompile Include="src\Rendering\Texture.cpp">
      <Filter>src\Rendering</Filter>
    </ClCompile>
    <ClCompile Include="src\Rendering\VertexArray.cpp">
      <Filter>src\Rendering</Filter>
    </ClCompile>
    <ClCompile Include="src\Rendering\VertexBuffer.cpp">
      <Filter>src\Rendering</Filter>
    </ClCompile>
    <ClCompile Include="src\Tests\Test.cpp">
      <Filter>src\Tests</Filter>
    </ClCompile>
    <ClCompile Include="src\Tests\TestClearColour.cpp">
      <Filter>src\Tests</Filter>
    </ClCompile>
    <ClCompile Include="src\Tests\TestTexture2D.cpp">
      <Filter>src\Tests</Filter>
    </ClCompile>
    <ClCompile Include="src\include\Math\Vector.cpp">
      <Filter>src\include\Math</Filter>
    </ClCompile>
  </ItemGroup>
</Project>